// !$*UTF8*$!
{
	archiveVersion = 1;
	classes = {
	};
	objectVersion = 46;
	objects = {

/* Begin PBXBuildFile section */
		7B4B9D3816EAF6CD002CCC63 /* Cocoa.framework in Frameworks */ = {isa = PBXBuildFile; fileRef = 7B4B9D3716EAF6CD002CCC63 /* Cocoa.framework */; };
		7B4B9D4216EAF6CD002CCC63 /* InfoPlist.strings in Resources */ = {isa = PBXBuildFile; fileRef = 7B4B9D4016EAF6CD002CCC63 /* InfoPlist.strings */; };
		7B4B9D4416EAF6CD002CCC63 /* main.m in Sources */ = {isa = PBXBuildFile; fileRef = 7B4B9D4316EAF6CD002CCC63 /* main.m */; };
		7B4B9D4816EAF6CD002CCC63 /* Credits.rtf in Resources */ = {isa = PBXBuildFile; fileRef = 7B4B9D4616EAF6CD002CCC63 /* Credits.rtf */; };
		7B4B9D4B16EAF6CD002CCC63 /* AppDelegate.m in Sources */ = {isa = PBXBuildFile; fileRef = 7B4B9D4A16EAF6CD002CCC63 /* AppDelegate.m */; };
		7B4B9D4E16EAF6CD002CCC63 /* MainMenu.xib in Resources */ = {isa = PBXBuildFile; fileRef = 7B4B9D4C16EAF6CD002CCC63 /* MainMenu.xib */; };
		7B4B9D5516EAFDAB002CCC63 /* weather.py in Resources */ = {isa = PBXBuildFile; fileRef = 7B4B9D5416EAFDAB002CCC63 /* weather.py */; };
		7B4B9D5D16EB4110002CCC63 /* rtmplite in Resources */ = {isa = PBXBuildFile; fileRef = 7B4B9D5616EB110A002CCC63 /* rtmplite */; };
		7B4B9D5E16EB4110002CCC63 /* p2p-sip in Resources */ = {isa = PBXBuildFile; fileRef = 7B4B9D5716EB110A002CCC63 /* p2p-sip */; };
		7B4B9D6516EB6CEE002CCC63 /* Python.framework in Frameworks */ = {isa = PBXBuildFile; fileRef = 7B4B9D6416EB6CED002CCC63 /* Python.framework */; };
		7B9AC1D216EBBC2100F8763C /* QuartzCore.framework in Frameworks */ = {isa = PBXBuildFile; fileRef = 7B9AC1D116EBBC2100F8763C /* QuartzCore.framework */; };
/* End PBXBuildFile section */

/* Begin PBXFileReference section */
		7B4B9D3416EAF6CD002CCC63 /* VideoIO.app */ = {isa = PBXFileReference; explicitFileType = wrapper.application; includeInIndex = 0; path = VideoIO.app; sourceTree = BUILT_PRODUCTS_DIR; };
		7B4B9D3716EAF6CD002CCC63 /* Cocoa.framework */ = {isa = PBXFileReference; lastKnownFileType = wrapper.framework; name = Cocoa.framework; path = System/Library/Frameworks/Cocoa.framework; sourceTree = SDKROOT; };
		7B4B9D3A16EAF6CD002CCC63 /* AppKit.framework */ = {isa = PBXFileReference; lastKnownFileType = wrapper.framework; name = AppKit.framework; path = System/Library/Frameworks/AppKit.framework; sourceTree = SDKROOT; };
		7B4B9D3B16EAF6CD002CCC63 /* CoreData.framework */ = {isa = PBXFileReference; lastKnownFileType = wrapper.framework; name = CoreData.framework; path = System/Library/Frameworks/CoreData.framework; sourceTree = SDKROOT; };
		7B4B9D3C16EAF6CD002CCC63 /* Foundation.framework */ = {isa = PBXFileReference; lastKnownFileType = wrapper.framework; name = Foundation.framework; path = System/Library/Frameworks/Foundation.framework; sourceTree = SDKROOT; };
		7B4B9D3F16EAF6CD002CCC63 /* VideoIO-Info.plist */ = {isa = PBXFileReference; lastKnownFileType = text.plist.xml; path = "VideoIO-Info.plist"; sourceTree = "<group>"; };
		7B4B9D4116EAF6CD002CCC63 /* en */ = {isa = PBXFileReference; lastKnownFileType = text.plist.strings; name = en; path = en.lproj/InfoPlist.strings; sourceTree = "<group>"; };
		7B4B9D4316EAF6CD002CCC63 /* main.m */ = {isa = PBXFileReference; lastKnownFileType = sourcecode.c.objc; path = main.m; sourceTree = "<group>"; };
		7B4B9D4516EAF6CD002CCC63 /* VideoIO-Prefix.pch */ = {isa = PBXFileReference; lastKnownFileType = sourcecode.c.h; path = "VideoIO-Prefix.pch"; sourceTree = "<group>"; };
		7B4B9D4716EAF6CD002CCC63 /* en */ = {isa = PBXFileReference; lastKnownFileType = text.rtf; name = en; path = en.lproj/Credits.rtf; sourceTree = "<group>"; };
		7B4B9D4916EAF6CD002CCC63 /* AppDelegate.h */ = {isa = PBXFileReference; lastKnownFileType = sourcecode.c.h; path = AppDelegate.h; sourceTree = "<group>"; };
		7B4B9D4A16EAF6CD002CCC63 /* AppDelegate.m */ = {isa = PBXFileReference; lastKnownFileType = sourcecode.c.objc; path = AppDelegate.m; sourceTree = "<group>"; };
		7B4B9D4D16EAF6CD002CCC63 /* en */ = {isa = PBXFileReference; lastKnownFileType = file.xib; name = en; path = en.lproj/MainMenu.xib; sourceTree = "<group>"; };
		7B4B9D5416EAFDAB002CCC63 /* weather.py */ = {isa = PBXFileReference; fileEncoding = 4; lastKnownFileType = text.script.python; path = weather.py; sourceTree = "<group>"; };
		7B4B9D5616EB110A002CCC63 /* rtmplite */ = {isa = PBXFileReference; lastKnownFileType = folder; name = rtmplite; path = External/rtmplite; sourceTree = "<group>"; };
		7B4B9D5716EB110A002CCC63 /* p2p-sip */ = {isa = PBXFileReference; lastKnownFileType = folder; name = "p2p-sip"; path = "External/p2p-sip"; sourceTree = "<group>"; };
		7B4B9D6416EB6CED002CCC63 /* Python.framework */ = {isa = PBXFileReference; lastKnownFileType = wrapper.framework; name = Python.framework; path = /System/Library/Frameworks/Python.framework; sourceTree = "<absolute>"; };
		7B9AC1D116EBBC2100F8763C /* QuartzCore.framework */ = {isa = PBXFileReference; lastKnownFileType = wrapper.framework; name = QuartzCore.framework; path = /System/Library/Frameworks/QuartzCore.framework; sourceTree = "<absolute>"; };
		7B9AC1F516EBD46C00F8763C /* SIPRunner.h */ = {isa = PBXFileReference; fileEncoding = 4; lastKnownFileType = sourcecode.c.h; path = SIPRunner.h; sourceTree = "<group>"; };
		7B9AC1F616EBD46C00F8763C /* SIPRunner.m */ = {isa = PBXFileReference; fileEncoding = 4; lastKnownFileType = sourcecode.c.objc; path = SIPRunner.m; sourceTree = "<group>"; };
/* End PBXFileReference section */

/* Begin PBXFrameworksBuildPhase section */
		7B4B9D3116EAF6CD002CCC63 /* Frameworks */ = {
			isa = PBXFrameworksBuildPhase;
			buildActionMask = 2147483647;
			files = (
				7B9AC1D216EBBC2100F8763C /* QuartzCore.framework in Frameworks */,
				7B4B9D6516EB6CEE002CCC63 /* Python.framework in Frameworks */,
				7B4B9D3816EAF6CD002CCC63 /* Cocoa.framework in Frameworks */,
			);
			runOnlyForDeploymentPostprocessing = 0;
		};
/* End PBXFrameworksBuildPhase section */

/* Begin PBXGroup section */
		7B4B9D2B16EAF6CD002CCC63 = {
			isa = PBXGroup;
			children = (
				7B4B9D5616EB110A002CCC63 /* rtmplite */,
				7B4B9D5716EB110A002CCC63 /* p2p-sip */,
				7B4B9D3D16EAF6CD002CCC63 /* VideoIO */,
				7B4B9D3616EAF6CD002CCC63 /* Frameworks */,
				7B4B9D3516EAF6CD002CCC63 /* Products */,
			);
			sourceTree = "<group>";
		};
		7B4B9D3516EAF6CD002CCC63 /* Products */ = {
			isa = PBXGroup;
			children = (
				7B4B9D3416EAF6CD002CCC63 /* VideoIO.app */,
			);
			name = Products;
			sourceTree = "<group>";
		};
		7B4B9D3616EAF6CD002CCC63 /* Frameworks */ = {
			isa = PBXGroup;
			children = (
				7B9AC1D116EBBC2100F8763C /* QuartzCore.framework */,
				7B4B9D6416EB6CED002CCC63 /* Python.framework */,
				7B4B9D3716EAF6CD002CCC63 /* Cocoa.framework */,
				7B4B9D3916EAF6CD002CCC63 /* Other Frameworks */,
			);
			name = Frameworks;
			sourceTree = "<group>";
		};
		7B4B9D3916EAF6CD002CCC63 /* Other Frameworks */ = {
			isa = PBXGroup;
			children = (
				7B4B9D3A16EAF6CD002CCC63 /* AppKit.framework */,
				7B4B9D3B16EAF6CD002CCC63 /* CoreData.framework */,
				7B4B9D3C16EAF6CD002CCC63 /* Foundation.framework */,
			);
			name = "Other Frameworks";
			sourceTree = "<group>";
		};
		7B4B9D3D16EAF6CD002CCC63 /* VideoIO */ = {
			isa = PBXGroup;
			children = (
				7B4B9D4916EAF6CD002CCC63 /* AppDelegate.h */,
				7B4B9D4A16EAF6CD002CCC63 /* AppDelegate.m */,
				7B9AC1F516EBD46C00F8763C /* SIPRunner.h */,
				7B9AC1F616EBD46C00F8763C /* SIPRunner.m */,
				7B4B9D4C16EAF6CD002CCC63 /* MainMenu.xib */,
				7B4B9D3E16EAF6CD002CCC63 /* Supporting Files */,
			);
			path = VideoIO;
			sourceTree = "<group>";
		};
		7B4B9D3E16EAF6CD002CCC63 /* Supporting Files */ = {
			isa = PBXGroup;
			children = (
				7B4B9D3F16EAF6CD002CCC63 /* VideoIO-Info.plist */,
				7B4B9D4016EAF6CD002CCC63 /* InfoPlist.strings */,
				7B4B9D4316EAF6CD002CCC63 /* main.m */,
				7B4B9D4516EAF6CD002CCC63 /* VideoIO-Prefix.pch */,
				7B4B9D4616EAF6CD002CCC63 /* Credits.rtf */,
				7B4B9D5416EAFDAB002CCC63 /* weather.py */,
			);
			name = "Supporting Files";
			sourceTree = "<group>";
		};
/* End PBXGroup section */

/* Begin PBXNativeTarget section */
		7B4B9D3316EAF6CD002CCC63 /* VideoIO */ = {
			isa = PBXNativeTarget;
			buildConfigurationList = 7B4B9D5116EAF6CD002CCC63 /* Build configuration list for PBXNativeTarget "VideoIO" */;
			buildPhases = (
				7B4B9D3016EAF6CD002CCC63 /* Sources */,
				7B4B9D3116EAF6CD002CCC63 /* Frameworks */,
				7B4B9D3216EAF6CD002CCC63 /* Resources */,
			);
			buildRules = (
			);
			dependencies = (
			);
			name = VideoIO;
			productName = VideoIO;
			productReference = 7B4B9D3416EAF6CD002CCC63 /* VideoIO.app */;
			productType = "com.apple.product-type.application";
		};
/* End PBXNativeTarget section */

/* Begin PBXProject section */
		7B4B9D2C16EAF6CD002CCC63 /* Project object */ = {
			isa = PBXProject;
			attributes = {
				LastUpgradeCheck = 0460;
				ORGANIZATIONNAME = "Alex Gray";
			};
			buildConfigurationList = 7B4B9D2F16EAF6CD002CCC63 /* Build configuration list for PBXProject "VideoIO" */;
			compatibilityVersion = "Xcode 3.2";
			developmentRegion = English;
			hasScannedForEncodings = 0;
			knownRegions = (
				en,
			);
			mainGroup = 7B4B9D2B16EAF6CD002CCC63;
			productRefGroup = 7B4B9D3516EAF6CD002CCC63 /* Products */;
			projectDirPath = "";
			projectRoot = "";
			targets = (
				7B4B9D3316EAF6CD002CCC63 /* VideoIO */,
			);
		};
/* End PBXProject section */

/* Begin PBXResourcesBuildPhase section */
		7B4B9D3216EAF6CD002CCC63 /* Resources */ = {
			isa = PBXResourcesBuildPhase;
			buildActionMask = 2147483647;
			files = (
				7B4B9D4216EAF6CD002CCC63 /* InfoPlist.strings in Resources */,
				7B4B9D4816EAF6CD002CCC63 /* Credits.rtf in Resources */,
				7B4B9D4E16EAF6CD002CCC63 /* MainMenu.xib in Resources */,
				7B4B9D5D16EB4110002CCC63 /* rtmplite in Resources */,
				7B4B9D5E16EB4110002CCC63 /* p2p-sip in Resources */,
				7B4B9D5516EAFDAB002CCC63 /* weather.py in Resources */,
			);
			runOnlyForDeploymentPostprocessing = 0;
		};
/* End PBXResourcesBuildPhase section */

/* Begin PBXSourcesBuildPhase section */
		7B4B9D3016EAF6CD002CCC63 /* Sources */ = {
			isa = PBXSourcesBuildPhase;
			buildActionMask = 2147483647;
			files = (
				7B4B9D4416EAF6CD002CCC63 /* main.m in Sources */,
				7B4B9D4B16EAF6CD002CCC63 /* AppDelegate.m in Sources */,
			);
			runOnlyForDeploymentPostprocessing = 0;
		};
/* End PBXSourcesBuildPhase section */

/* Begin PBXVariantGroup section */
		7B4B9D4016EAF6CD002CCC63 /* InfoPlist.strings */ = {
			isa = PBXVariantGroup;
			children = (
				7B4B9D4116EAF6CD002CCC63 /* en */,
			);
			name = InfoPlist.strings;
			sourceTree = "<group>";
		};
		7B4B9D4616EAF6CD002CCC63 /* Credits.rtf */ = {
			isa = PBXVariantGroup;
			children = (
				7B4B9D4716EAF6CD002CCC63 /* en */,
			);
			name = Credits.rtf;
			sourceTree = "<group>";
		};
		7B4B9D4C16EAF6CD002CCC63 /* MainMenu.xib */ = {
			isa = PBXVariantGroup;
			children = (
				7B4B9D4D16EAF6CD002CCC63 /* en */,
			);
			name = MainMenu.xib;
			sourceTree = "<group>";
		};
/* End PBXVariantGroup section */

/* Begin XCBuildConfiguration section */
		7B4B9D4F16EAF6CD002CCC63 /* Debug */ = {
			isa = XCBuildConfiguration;
			buildSettings = {
				ALWAYS_SEARCH_USER_PATHS = NO;
				ARCHS = "$(ARCHS_STANDARD_64_BIT)";
				CLANG_CXX_LANGUAGE_STANDARD = "gnu++0x";
				CLANG_CXX_LIBRARY = "libc++";
				CLANG_ENABLE_OBJC_ARC = YES;
				CLANG_WARN_CONSTANT_CONVERSION = YES;
				CLANG_WARN_EMPTY_BODY = YES;
				CLANG_WARN_ENUM_CONVERSION = YES;
				CLANG_WARN_INT_CONVERSION = YES;
				CLANG_WARN__DUPLICATE_METHOD_MATCH = YES;
				COPY_PHASE_STRIP = NO;
				GCC_C_LANGUAGE_STANDARD = gnu99;
				GCC_DYNAMIC_NO_PIC = NO;
				GCC_ENABLE_OBJC_EXCEPTIONS = YES;
				GCC_OPTIMIZATION_LEVEL = 0;
				GCC_PREPROCESSOR_DEFINITIONS = (
					"DEBUG=1",
					"$(inherited)",
				);
				GCC_SYMBOLS_PRIVATE_EXTERN = NO;
				GCC_WARN_64_TO_32_BIT_CONVERSION = YES;
				GCC_WARN_ABOUT_RETURN_TYPE = YES;
				GCC_WARN_UNINITIALIZED_AUTOS = YES;
				GCC_WARN_UNUSED_VARIABLE = YES;
				MACOSX_DEPLOYMENT_TARGET = 10.8;
				ONLY_ACTIVE_ARCH = YES;
				SDKROOT = "";
			};
			name = Debug;
		};
		7B4B9D5016EAF6CD002CCC63 /* Release */ = {
			isa = XCBuildConfiguration;
			buildSettings = {
				ALWAYS_SEARCH_USER_PATHS = NO;
				ARCHS = "$(ARCHS_STANDARD_64_BIT)";
				CLANG_CXX_LANGUAGE_STANDARD = "gnu++0x";
				CLANG_CXX_LIBRARY = "libc++";
				CLANG_ENABLE_OBJC_ARC = YES;
				CLANG_WARN_CONSTANT_CONVERSION = YES;
				CLANG_WARN_EMPTY_BODY = YES;
				CLANG_WARN_ENUM_CONVERSION = YES;
				CLANG_WARN_INT_CONVERSION = YES;
				CLANG_WARN__DUPLICATE_METHOD_MATCH = YES;
				COPY_PHASE_STRIP = YES;
				DEBUG_INFORMATION_FORMAT = "dwarf-with-dsym";
				GCC_C_LANGUAGE_STANDARD = gnu99;
				GCC_ENABLE_OBJC_EXCEPTIONS = YES;
				GCC_WARN_64_TO_32_BIT_CONVERSION = YES;
				GCC_WARN_ABOUT_RETURN_TYPE = YES;
				GCC_WARN_UNINITIALIZED_AUTOS = YES;
				GCC_WARN_UNUSED_VARIABLE = YES;
				MACOSX_DEPLOYMENT_TARGET = 10.8;
				SDKROOT = "";
			};
			name = Release;
		};
		7B4B9D5216EAF6CD002CCC63 /* Debug */ = {
			isa = XCBuildConfiguration;
			buildSettings = {
				COMBINE_HIDPI_IMAGES = YES;
				GCC_PRECOMPILE_PREFIX_HEADER = YES;
				GCC_PREFIX_HEADER = "VideoIO/VideoIO-Prefix.pch";
				INFOPLIST_FILE = "VideoIO/VideoIO-Info.plist";
				OTHER_LDFLAGS = (
					"-framework",
					AtoZ,
				);
				PRODUCT_NAME = "$(TARGET_NAME)";
				WRAPPER_EXTENSION = app;
			};
			name = Debug;
		};
		7B4B9D5316EAF6CD002CCC63 /* Release */ = {
			isa = XCBuildConfiguration;
			buildSettings = {
				COMBINE_HIDPI_IMAGES = YES;
				GCC_PRECOMPILE_PREFIX_HEADER = YES;
				GCC_PREFIX_HEADER = "VideoIO/VideoIO-Prefix.pch";
				INFOPLIST_FILE = "VideoIO/VideoIO-Info.plist";
				OTHER_LDFLAGS = (
					"-framework",
					AtoZ,
				);
				PRODUCT_NAME = "$(TARGET_NAME)";
				WRAPPER_EXTENSION = app;
			};
			name = Release;
		};
/* End XCBuildConfiguration section */

/* Begin XCConfigurationList section */
		7B4B9D2F16EAF6CD002CCC63 /* Build configuration list for PBXProject "VideoIO" */ = {
			isa = XCConfigurationList;
			buildConfigurations = (
				7B4B9D4F16EAF6CD002CCC63 /* Debug */,
				7B4B9D5016EAF6CD002CCC63 /* Release */,
			);
			defaultConfigurationIsVisible = 0;
			defaultConfigurationName = Release;
		};
		7B4B9D5116EAF6CD002CCC63 /* Build configuration list for PBXNativeTarget "VideoIO" */ = {
			isa = XCConfigurationList;
			buildConfigurations = (
				7B4B9D5216EAF6CD002CCC63 /* Debug */,
				7B4B9D5316EAF6CD002CCC63 /* Release */,
			);
			defaultConfigurationIsVisible = 0;
			defaultConfigurationName = Release;
		};
/* End XCConfigurationList section */
	};
	rootObject = 7B4B9D2C16EAF6CD002CCC63 /* Project object */;
}
